// !$*UTF8*$!
{
	archiveVersion = 1;
	classes = {
	};
	objectVersion = 50;
	objects = {

/* Begin PBXBuildFile section */
		DEC0A69D27B668310003A9BE /* AppDelegate.swift in Sources */ = {isa = PBXBuildFile; fileRef = DEC0A69C27B668310003A9BE /* AppDelegate.swift */; };
		DEC0A69F27B668310003A9BE /* SceneDelegate.swift in Sources */ = {isa = PBXBuildFile; fileRef = DEC0A69E27B668310003A9BE /* SceneDelegate.swift */; };
		DEC0A6A127B668310003A9BE /* ViewController.swift in Sources */ = {isa = PBXBuildFile; fileRef = DEC0A6A027B668310003A9BE /* ViewController.swift */; };
		DEC0A6A427B668310003A9BE /* Main.storyboard in Resources */ = {isa = PBXBuildFile; fileRef = DEC0A6A227B668310003A9BE /* Main.storyboard */; };
		DEC0A6A627B668450003A9BE /* Assets.xcassets in Resources */ = {isa = PBXBuildFile; fileRef = DEC0A6A527B668450003A9BE /* Assets.xcassets */; };
		DEC0A6A927B668450003A9BE /* LaunchScreen.storyboard in Resources */ = {isa = PBXBuildFile; fileRef = DEC0A6A727B668450003A9BE /* LaunchScreen.storyboard */; };
		DEC0A6B427B668460003A9BE /* iOS_Test_BlinqpayTests.swift in Sources */ = {isa = PBXBuildFile; fileRef = DEC0A6B327B668460003A9BE /* iOS_Test_BlinqpayTests.swift */; };
/* End PBXBuildFile section */

/* Begin PBXContainerItemProxy section */
		DEC0A6B027B668460003A9BE /* PBXContainerItemProxy */ = {
			isa = PBXContainerItemProxy;
			containerPortal = DEC0A69127B668310003A9BE /* Project object */;
			proxyType = 1;
			remoteGlobalIDString = DEC0A69827B668310003A9BE;
			remoteInfo = "iOS-Test-Blinqpay";
		};
/* End PBXContainerItemProxy section */

/* Begin PBXFileReference section */
		DEC0A69927B668310003A9BE /* iOS-Test-Blinqpay.app */ = {isa = PBXFileReference; explicitFileType = wrapper.application; includeInIndex = 0; path = "iOS-Test-Blinqpay.app"; sourceTree = BUILT_PRODUCTS_DIR; };
		DEC0A69C27B668310003A9BE /* AppDelegate.swift */ = {isa = PBXFileReference; lastKnownFileType = sourcecode.swift; path = AppDelegate.swift; sourceTree = "<group>"; };
		DEC0A69E27B668310003A9BE /* SceneDelegate.swift */ = {isa = PBXFileReference; lastKnownFileType = sourcecode.swift; path = SceneDelegate.swift; sourceTree = "<group>"; };
		DEC0A6A027B668310003A9BE /* ViewController.swift */ = {isa = PBXFileReference; lastKnownFileType = sourcecode.swift; path = ViewController.swift; sourceTree = "<group>"; };
		DEC0A6A327B668310003A9BE /* Base */ = {isa = PBXFileReference; lastKnownFileType = file.storyboard; name = Base; path = Base.lproj/Main.storyboard; sourceTree = "<group>"; };
		DEC0A6A527B668450003A9BE /* Assets.xcassets */ = {isa = PBXFileReference; lastKnownFileType = folder.assetcatalog; path = Assets.xcassets; sourceTree = "<group>"; };
		DEC0A6A827B668450003A9BE /* Base */ = {isa = PBXFileReference; lastKnownFileType = file.storyboard; name = Base; path = Base.lproj/LaunchScreen.storyboard; sourceTree = "<group>"; };
		DEC0A6AA27B668450003A9BE /* Info.plist */ = {isa = PBXFileReference; lastKnownFileType = text.plist.xml; path = Info.plist; sourceTree = "<group>"; };
		DEC0A6AF27B668460003A9BE /* iOS-Test-BlinqpayTests.xctest */ = {isa = PBXFileReference; explicitFileType = wrapper.cfbundle; includeInIndex = 0; path = "iOS-Test-BlinqpayTests.xctest"; sourceTree = BUILT_PRODUCTS_DIR; };
		DEC0A6B327B668460003A9BE /* iOS_Test_BlinqpayTests.swift */ = {isa = PBXFileReference; lastKnownFileType = sourcecode.swift; path = iOS_Test_BlinqpayTests.swift; sourceTree = "<group>"; };
		DEC0A6B527B668460003A9BE /* Info.plist */ = {isa = PBXFileReference; lastKnownFileType = text.plist.xml; path = Info.plist; sourceTree = "<group>"; };
/* End PBXFileReference section */

/* Begin PBXFrameworksBuildPhase section */
		DEC0A69627B668310003A9BE /* Frameworks */ = {
			isa = PBXFrameworksBuildPhase;
			buildActionMask = 2147483647;
			files = (
			);
			runOnlyForDeploymentPostprocessing = 0;
		};
		DEC0A6AC27B668460003A9BE /* Frameworks */ = {
			isa = PBXFrameworksBuildPhase;
			buildActionMask = 2147483647;
			files = (
			);
			runOnlyForDeploymentPostprocessing = 0;
		};
/* End PBXFrameworksBuildPhase section */

/* Begin PBXGroup section */
		DEC0A69027B668310003A9BE = {
			isa = PBXGroup;
			children = (
				DEC0A69B27B668310003A9BE /* iOS-Test-Blinqpay */,
				DEC0A6B227B668460003A9BE /* iOS-Test-BlinqpayTests */,
				DEC0A69A27B668310003A9BE /* Products */,
			);
			sourceTree = "<group>";
		};
		DEC0A69A27B668310003A9BE /* Products */ = {
			isa = PBXGroup;
			children = (
				DEC0A69927B668310003A9BE /* iOS-Test-Blinqpay.app */,
				DEC0A6AF27B668460003A9BE /* iOS-Test-BlinqpayTests.xctest */,
			);
			name = Products;
			sourceTree = "<group>";
		};
		DEC0A69B27B668310003A9BE /* iOS-Test-Blinqpay */ = {
			isa = PBXGroup;
			children = (
				DEC0A69C27B668310003A9BE /* AppDelegate.swift */,
				DEC0A69E27B668310003A9BE /* SceneDelegate.swift */,
				DEC0A6A027B668310003A9BE /* ViewController.swift */,
				DEC0A6A227B668310003A9BE /* Main.storyboard */,
				DEC0A6A527B668450003A9BE /* Assets.xcassets */,
				DEC0A6A727B668450003A9BE /* LaunchScreen.storyboard */,
				DEC0A6AA27B668450003A9BE /* Info.plist */,
			);
			path = "iOS-Test-Blinqpay";
			sourceTree = "<group>";
		};
		DEC0A6B227B668460003A9BE /* iOS-Test-BlinqpayTests */ = {
			isa = PBXGroup;
			children = (
				DEC0A6B327B668460003A9BE /* iOS_Test_BlinqpayTests.swift */,
				DEC0A6B527B668460003A9BE /* Info.plist */,
			);
			path = "iOS-Test-BlinqpayTests";
			sourceTree = "<group>";
		};
/* End PBXGroup section */

/* Begin PBXNativeTarget section */
		DEC0A69827B668310003A9BE /* iOS-Test-Blinqpay */ = {
			isa = PBXNativeTarget;
			buildConfigurationList = DEC0A6B827B668460003A9BE /* Build configuration list for PBXNativeTarget "iOS-Test-Blinqpay" */;
			buildPhases = (
				DEC0A69527B668310003A9BE /* Sources */,
				DEC0A69627B668310003A9BE /* Frameworks */,
				DEC0A69727B668310003A9BE /* Resources */,
			);
			buildRules = (
			);
			dependencies = (
			);
			name = "iOS-Test-Blinqpay";
			productName = "iOS-Test-Blinqpay";
			productReference = DEC0A69927B668310003A9BE /* iOS-Test-Blinqpay.app */;
			productType = "com.apple.product-type.application";
		};
		DEC0A6AE27B668460003A9BE /* iOS-Test-BlinqpayTests */ = {
			isa = PBXNativeTarget;
			buildConfigurationList = DEC0A6BB27B668460003A9BE /* Build configuration list for PBXNativeTarget "iOS-Test-BlinqpayTests" */;
			buildPhases = (
				DEC0A6AB27B668460003A9BE /* Sources */,
				DEC0A6AC27B668460003A9BE /* Frameworks */,
				DEC0A6AD27B668460003A9BE /* Resources */,
			);
			buildRules = (
			);
			dependencies = (
				DEC0A6B127B668460003A9BE /* PBXTargetDependency */,
			);
			name = "iOS-Test-BlinqpayTests";
			productName = "iOS-Test-BlinqpayTests";
			productReference = DEC0A6AF27B668460003A9BE /* iOS-Test-BlinqpayTests.xctest */;
			productType = "com.apple.product-type.bundle.unit-test";
		};
/* End PBXNativeTarget section */

/* Begin PBXProject section */
		DEC0A69127B668310003A9BE /* Project object */ = {
			isa = PBXProject;
			attributes = {
				LastSwiftUpdateCheck = 1130;
				LastUpgradeCheck = 1130;
				ORGANIZATIONNAME = Blinqpay;
				TargetAttributes = {
					DEC0A69827B668310003A9BE = {
						CreatedOnToolsVersion = 11.3.1;
					};
					DEC0A6AE27B668460003A9BE = {
						CreatedOnToolsVersion = 11.3.1;
						TestTargetID = DEC0A69827B668310003A9BE;
					};
				};
			};
			buildConfigurationList = DEC0A69427B668310003A9BE /* Build configuration list for PBXProject "iOS-Test-Blinqpay" */;
			compatibilityVersion = "Xcode 9.3";
			developmentRegion = en;
			hasScannedForEncodings = 0;
			knownRegions = (
				en,
				Base,
			);
			mainGroup = DEC0A69027B668310003A9BE;
			productRefGroup = DEC0A69A27B668310003A9BE /* Products */;
			projectDirPath = "";
			projectRoot = "";
			targets = (
				DEC0A69827B668310003A9BE /* iOS-Test-Blinqpay */,
				DEC0A6AE27B668460003A9BE /* iOS-Test-BlinqpayTests */,
			);
		};
/* End PBXProject section */

/* Begin PBXResourcesBuildPhase section */
		DEC0A69727B668310003A9BE /* Resources */ = {
			isa = PBXResourcesBuildPhase;
			buildActionMask = 2147483647;
			files = (
				DEC0A6A927B668450003A9BE /* LaunchScreen.storyboard in Resources */,
				DEC0A6A627B668450003A9BE /* Assets.xcassets in Resources */,
				DEC0A6A427B668310003A9BE /* Main.storyboard in Resources */,
			);
			runOnlyForDeploymentPostprocessing = 0;
		};
		DEC0A6AD27B668460003A9BE /* Resources */ = {
			isa = PBXResourcesBuildPhase;
			buildActionMask = 2147483647;
			files = (
			);
			runOnlyForDeploymentPostprocessing = 0;
		};
/* End PBXResourcesBuildPhase section */

/* Begin PBXSourcesBuildPhase section */
		DEC0A69527B668310003A9BE /* Sources */ = {
			isa = PBXSourcesBuildPhase;
			buildActionMask = 2147483647;
			files = (
				DEC0A6A127B668310003A9BE /* ViewController.swift in Sources */,
				DEC0A69D27B668310003A9BE /* AppDelegate.swift in Sources */,
				DEC0A69F27B668310003A9BE /* SceneDelegate.swift in Sources */,
			);
			runOnlyForDeploymentPostprocessing = 0;
		};
		DEC0A6AB27B668460003A9BE /* Sources */ = {
			isa = PBXSourcesBuildPhase;
			buildActionMask = 2147483647;
			files = (
				DEC0A6B427B668460003A9BE /* iOS_Test_BlinqpayTests.swift in Sources */,
			);
			runOnlyForDeploymentPostprocessing = 0;
		};
/* End PBXSourcesBuildPhase section */

/* Begin PBXTargetDependency section */
		DEC0A6B127B668460003A9BE /* PBXTargetDependency */ = {
			isa = PBXTargetDependency;
			target = DEC0A69827B668310003A9BE /* iOS-Test-Blinqpay */;
			targetProxy = DEC0A6B027B668460003A9BE /* PBXContainerItemProxy */;
		};
/* End PBXTargetDependency section */

/* Begin PBXVariantGroup section */
		DEC0A6A227B668310003A9BE /* Main.storyboard */ = {
			isa = PBXVariantGroup;
			children = (
				DEC0A6A327B668310003A9BE /* Base */,
			);
			name = Main.storyboard;
			sourceTree = "<group>";
		};
		DEC0A6A727B668450003A9BE /* LaunchScreen.storyboard */ = {
			isa = PBXVariantGroup;
			children = (
				DEC0A6A827B668450003A9BE /* Base */,
			);
			name = LaunchScreen.storyboard;
			sourceTree = "<group>";
		};
/* End PBXVariantGroup section */

/* Begin XCBuildConfiguration section */
		DEC0A6B627B668460003A9BE /* Debug */ = {
			isa = XCBuildConfiguration;
			buildSettings = {
				ALWAYS_SEARCH_USER_PATHS = NO;
				CLANG_ANALYZER_NONNULL = YES;
				CLANG_ANALYZER_NUMBER_OBJECT_CONVERSION = YES_AGGRESSIVE;
				CLANG_CXX_LANGUAGE_STANDARD = "gnu++14";
				CLANG_CXX_LIBRARY = "libc++";
				CLANG_ENABLE_MODULES = YES;
				CLANG_ENABLE_OBJC_ARC = YES;
				CLANG_ENABLE_OBJC_WEAK = YES;
				CLANG_WARN_BLOCK_CAPTURE_AUTORELEASING = YES;
				CLANG_WARN_BOOL_CONVERSION = YES;
				CLANG_WARN_COMMA = YES;
				CLANG_WARN_CONSTANT_CONVERSION = YES;
				CLANG_WARN_DEPRECATED_OBJC_IMPLEMENTATIONS = YES;
				CLANG_WARN_DIRECT_OBJC_ISA_USAGE = YES_ERROR;
				CLANG_WARN_DOCUMENTATION_COMMENTS = YES;
				CLANG_WARN_EMPTY_BODY = YES;
				CLANG_WARN_ENUM_CONVERSION = YES;
				CLANG_WARN_INFINITE_RECURSION = YES;
				CLANG_WARN_INT_CONVERSION = YES;
				CLANG_WARN_NON_LITERAL_NULL_CONVERSION = YES;
				CLANG_WARN_OBJC_IMPLICIT_RETAIN_SELF = YES;
				CLANG_WARN_OBJC_LITERAL_CONVERSION = YES;
				CLANG_WARN_OBJC_ROOT_CLASS = YES_ERROR;
				CLANG_WARN_RANGE_LOOP_ANALYSIS = YES;
				CLANG_WARN_STRICT_PROTOTYPES = YES;
				CLANG_WARN_SUSPICIOUS_MOVE = YES;
				CLANG_WARN_UNGUARDED_AVAILABILITY = YES_AGGRESSIVE;
				CLANG_WARN_UNREACHABLE_CODE = YES;
				CLANG_WARN__DUPLICATE_METHOD_MATCH = YES;
				COPY_PHASE_STRIP = NO;
				DEBUG_INFORMATION_FORMAT = dwarf;
				ENABLE_STRICT_OBJC_MSGSEND = YES;
				ENABLE_TESTABILITY = YES;
				GCC_C_LANGUAGE_STANDARD = gnu11;
				GCC_DYNAMIC_NO_PIC = NO;
				GCC_NO_COMMON_BLOCKS = YES;
				GCC_OPTIMIZATION_LEVEL = 0;
				GCC_PREPROCESSOR_DEFINITIONS = (
					"DEBUG=1",
					"$(inherited)",
				);
				GCC_WARN_64_TO_32_BIT_CONVERSION = YES;
				GCC_WARN_ABOUT_RETURN_TYPE = YES_ERROR;
				GCC_WARN_UNDECLARED_SELECTOR = YES;
				GCC_WARN_UNINITIALIZED_AUTOS = YES_AGGRESSIVE;
				GCC_WARN_UNUSED_FUNCTION = YES;
				GCC_WARN_UNUSED_VARIABLE = YES;
				IPHONEOS_DEPLOYMENT_TARGET = 13.2;
				MTL_ENABLE_DEBUG_INFO = INCLUDE_SOURCE;
				MTL_FAST_MATH = YES;
				ONLY_ACTIVE_ARCH = YES;
				SDKROOT = iphoneos;
				SWIFT_ACTIVE_COMPILATION_CONDITIONS = DEBUG;
				SWIFT_OPTIMIZATION_LEVEL = "-Onone";
			};
			name = Debug;
		};
		DEC0A6B727B668460003A9BE /* Release */ = {
			isa = XCBuildConfiguration;
			buildSettings = {
				ALWAYS_SEARCH_USER_PATHS = NO;
				CLANG_ANALYZER_NONNULL = YES;
				CLANG_ANALYZER_NUMBER_OBJECT_CONVERSION = YES_AGGRESSIVE;
				CLANG_CXX_LANGUAGE_STANDARD = "gnu++14";
				CLANG_CXX_LIBRARY = "libc++";
				CLANG_ENABLE_MODULES = YES;
				CLANG_ENABLE_OBJC_ARC = YES;
				CLANG_ENABLE_OBJC_WEAK = YES;
				CLANG_WARN_BLOCK_CAPTURE_AUTORELEASING = YES;
				CLANG_WARN_BOOL_CONVERSION = YES;
				CLANG_WARN_COMMA = YES;
				CLANG_WARN_CONSTANT_CONVERSION = YES;
				CLANG_WARN_DEPRECATED_OBJC_IMPLEMENTATIONS = YES;
				CLANG_WARN_DIRECT_OBJC_ISA_USAGE = YES_ERROR;
				CLANG_WARN_DOCUMENTATION_COMMENTS = YES;
				CLANG_WARN_EMPTY_BODY = YES;
				CLANG_WARN_ENUM_CONVERSION = YES;
				CLANG_WARN_INFINITE_RECURSION = YES;
				CLANG_WARN_INT_CONVERSION = YES;
				CLANG_WARN_NON_LITERAL_NULL_CONVERSION = YES;
				CLANG_WARN_OBJC_IMPLICIT_RETAIN_SELF = YES;
				CLANG_WARN_OBJC_LITERAL_CONVERSION = YES;
				CLANG_WARN_OBJC_ROOT_CLASS = YES_ERROR;
				CLANG_WARN_RANGE_LOOP_ANALYSIS = YES;
				CLANG_WARN_STRICT_PROTOTYPES = YES;
				CLANG_WARN_SUSPICIOUS_MOVE = YES;
				CLANG_WARN_UNGUARDED_AVAILABILITY = YES_AGGRESSIVE;
				CLANG_WARN_UNREACHABLE_CODE = YES;
				CLANG_WARN__DUPLICATE_METHOD_MATCH = YES;
				COPY_PHASE_STRIP = NO;
				DEBUG_INFORMATION_FORMAT = "dwarf-with-dsym";
				ENABLE_NS_ASSERTIONS = NO;
				ENABLE_STRICT_OBJC_MSGSEND = YES;
				GCC_C_LANGUAGE_STANDARD = gnu11;
				GCC_NO_COMMON_BLOCKS = YES;
				GCC_WARN_64_TO_32_BIT_CONVERSION = YES;
				GCC_WARN_ABOUT_RETURN_TYPE = YES_ERROR;
				GCC_WARN_UNDECLARED_SELECTOR = YES;
				GCC_WARN_UNINITIALIZED_AUTOS = YES_AGGRESSIVE;
				GCC_WARN_UNUSED_FUNCTION = YES;
				GCC_WARN_UNUSED_VARIABLE = YES;
				IPHONEOS_DEPLOYMENT_TARGET = 13.2;
				MTL_ENABLE_DEBUG_INFO = NO;
				MTL_FAST_MATH = YES;
				SDKROOT = iphoneos;
				SWIFT_COMPILATION_MODE = wholemodule;
				SWIFT_OPTIMIZATION_LEVEL = "-O";
				VALIDATE_PRODUCT = YES;
			};
			name = Release;
		};
		DEC0A6B927B668460003A9BE /* Debug */ = {
			isa = XCBuildConfiguration;
			buildSettings = {
				ASSETCATALOG_COMPILER_APPICON_NAME = AppIcon;
				CODE_SIGN_STYLE = Automatic;
				DEVELOPMENT_TEAM = 22FN4D2YAD;
				INFOPLIST_FILE = "iOS-Test-Blinqpay/Info.plist";
				LD_RUNPATH_SEARCH_PATHS = (
					"$(inherited)",
					"@executable_path/Frameworks",
				);
				PRODUCT_BUNDLE_IDENTIFIER = "com.blinqpay.iOS-Test-Blinqpay";
				PRODUCT_NAME = "$(TARGET_NAME)";
				SWIFT_VERSION = 5.0;
				TARGETED_DEVICE_FAMILY = "1,2";
			};
			name = Debug;
		};
		DEC0A6BA27B668460003A9BE /* Release */ = {
			isa = XCBuildConfiguration;
			buildSettings = {
				ASSETCATALOG_COMPILER_APPICON_NAME = AppIcon;
				CODE_SIGN_STYLE = Automatic;
				DEVELOPMENT_TEAM = 22FN4D2YAD;
				INFOPLIST_FILE = "iOS-Test-Blinqpay/Info.plist";
				LD_RUNPATH_SEARCH_PATHS = (
					"$(inherited)",
					"@executable_path/Frameworks",
				);
				PRODUCT_BUNDLE_IDENTIFIER = "com.blinqpay.iOS-Test-Blinqpay";
				PRODUCT_NAME = "$(TARGET_NAME)";
				SWIFT_VERSION = 5.0;
				TARGETED_DEVICE_FAMILY = "1,2";
			};
			name = Release;
		};
		DEC0A6BC27B668460003A9BE /* Debug */ = {
			isa = XCBuildConfiguration;
			buildSettings = {
				ALWAYS_EMBED_SWIFT_STANDARD_LIBRARIES = YES;
				BUNDLE_LOADER = "$(TEST_HOST)";
				CODE_SIGN_STYLE = Automatic;
				DEVELOPMENT_TEAM = 22FN4D2YAD;
				INFOPLIST_FILE = "iOS-Test-BlinqpayTests/Info.plist";
				IPHONEOS_DEPLOYMENT_TARGET = 13.2;
				LD_RUNPATH_SEARCH_PATHS = (
					"$(inherited)",
					"@executable_path/Frameworks",
					"@loader_path/Frameworks",
				);
				PRODUCT_BUNDLE_IDENTIFIER = "com.blinqpay.iOS-Test-BlinqpayTests";
				PRODUCT_NAME = "$(TARGET_NAME)";
				SWIFT_VERSION = 5.0;
				TARGETED_DEVICE_FAMILY = "1,2";
				TEST_HOST = "$(BUILT_PRODUCTS_DIR)/iOS-Test-Blinqpay.app/iOS-Test-Blinqpay";
			};
			name = Debug;
		};
		DEC0A6BD27B668460003A9BE /* Release */ = {
			isa = XCBuildConfiguration;
			buildSettings = {
				ALWAYS_EMBED_SWIFT_STANDARD_LIBRARIES = YES;
				BUNDLE_LOADER = "$(TEST_HOST)";
				CODE_SIGN_STYLE = Automatic;
				DEVELOPMENT_TEAM = 22FN4D2YAD;
				INFOPLIST_FILE = "iOS-Test-BlinqpayTests/Info.plist";
				IPHONEOS_DEPLOYMENT_TARGET = 13.2;
				LD_RUNPATH_SEARCH_PATHS = (
					"$(inherited)",
					"@executable_path/Frameworks",
					"@loader_path/Frameworks",
				);
				PRODUCT_BUNDLE_IDENTIFIER = "com.blinqpay.iOS-Test-BlinqpayTests";
				PRODUCT_NAME = "$(TARGET_NAME)";
				SWIFT_VERSION = 5.0;
				TARGETED_DEVICE_FAMILY = "1,2";
				TEST_HOST = "$(BUILT_PRODUCTS_DIR)/iOS-Test-Blinqpay.app/iOS-Test-Blinqpay";
			};
			name = Release;
		};
/* End XCBuildConfiguration section */

/* Begin XCConfigurationList section */
		DEC0A69427B668310003A9BE /* Build configuration list for PBXProject "iOS-Test-Blinqpay" */ = {
			isa = XCConfigurationList;
			buildConfigurations = (
				DEC0A6B627B668460003A9BE /* Debug */,
				DEC0A6B727B668460003A9BE /* Release */,
			);
			defaultConfigurationIsVisible = 0;
			defaultConfigurationName = Release;
		};
		DEC0A6B827B668460003A9BE /* Build configuration list for PBXNativeTarget "iOS-Test-Blinqpay" */ = {
			isa = XCConfigurationList;
			buildConfigurations = (
				DEC0A6B927B668460003A9BE /* Debug */,
				DEC0A6BA27B668460003A9BE /* Release */,
			);
			defaultConfigurationIsVisible = 0;
			defaultConfigurationName = Release;
		};
		DEC0A6BB27B668460003A9BE /* Build configuration list for PBXNativeTarget "iOS-Test-BlinqpayTests" */ = {
			isa = XCConfigurationList;
			buildConfigurations = (
				DEC0A6BC27B668460003A9BE /* Debug */,
				DEC0A6BD27B668460003A9BE /* Release */,
			);
			defaultConfigurationIsVisible = 0;
			defaultConfigurationName = Release;
		};
/* End XCConfigurationList section */
	};
	rootObject = DEC0A69127B668310003A9BE /* Project object */;
}
